
Microsoft Visual Studio Solution File, Format Version 12.00
# Visual Studio Version 17
VisualStudioVersion = 17.4.33213.308
MinimumVisualStudioVersion = 10.0.40219.1
Project("{9A19103F-16F7-4668-BE54-9A1E7A4F7556}") = "AppiumCalculatorTests", "AppiumCalculatorTests.csproj", "{8AE12229-53F6-4F47-953E-CCC1CD1B0C15}"
EndProject
Project("{FAE04EC0-301F-11D3-BF4B-00C04F79EFBC}") = "AppiumCalculatorTestsPOM", "..\AppiumCalculatorTestsPOM\AppiumCalculatorTestsPOM.csproj", "{3417A4F5-3601-42F7-8288-6645298F24FA}"
EndProject
Global
	GlobalSection(SolutionConfigurationPlatforms) = preSolution
		Debug|Any CPU = Debug|Any CPU
		Release|Any CPU = Release|Any CPU
	EndGlobalSection
	GlobalSection(ProjectConfigurationPlatforms) = postSolution
		{8AE12229-53F6-4F47-953E-CCC1CD1B0C15}.Debug|Any CPU.ActiveCfg = Debug|Any CPU
		{8AE12229-53F6-4F47-953E-CCC1CD1B0C15}.Debug|Any CPU.Build.0 = Debug|Any CPU
		{8AE12229-53F6-4F47-953E-CCC1CD1B0C15}.Release|Any CPU.ActiveCfg = Release|Any CPU
		{8AE12229-53F6-4F47-953E-CCC1CD1B0C15}.Release|Any CPU.Build.0 = Release|Any CPU
		{3417A4F5-3601-42F7-8288-6645298F24FA}.Debug|Any CPU.ActiveCfg = Debug|Any CPU
		{3417A4F5-3601-42F7-8288-6645298F24FA}.Debug|Any CPU.Build.0 = Debug|Any CPU
		{3417A4F5-3601-42F7-8288-6645298F24FA}.Release|Any CPU.ActiveCfg = Release|Any CPU
		{3417A4F5-3601-42F7-8288-6645298F24FA}.Release|Any CPU.Build.0 = Release|Any CPU
	EndGlobalSection
	GlobalSection(SolutionProperties) = preSolution
		HideSolutionNode = FALSE
	EndGlobalSection
	GlobalSection(ExtensibilityGlobals) = postSolution
		SolutionGuid = {A9F069FE-6C13-44FD-AF37-A3B12788B901}
	EndGlobalSection
EndGlobal
